
Microsoft Visual Studio Solution File, Format Version 12.00
# Visual Studio Version 17
VisualStudioVersion = 17.11.35327.3
MinimumVisualStudioVersion = 10.0.40219.1
Project("{FAE04EC0-301F-11D3-BF4B-00C04F79EFBC}") = "TextEditor", "TextEditor\TextEditor.csproj", "{5B49170E-4504-4D02-8ED1-B318CFCBA4DC}"
EndProject
Global
	GlobalSection(SolutionConfigurationPlatforms) = preSolution
		Debug|Any CPU = Debug|Any CPU
		Release|Any CPU = Release|Any CPU
	EndGlobalSection
	GlobalSection(ProjectConfigurationPlatforms) = postSolution
		{5B49170E-4504-4D02-8ED1-B318CFCBA4DC}.Debug|Any CPU.ActiveCfg = Debug|Any CPU
		{5B49170E-4504-4D02-8ED1-B318CFCBA4DC}.Debug|Any CPU.Build.0 = Debug|Any CPU
		{5B49170E-4504-4D02-8ED1-B318CFCBA4DC}.Release|Any CPU.ActiveCfg = Release|Any CPU
		{5B49170E-4504-4D02-8ED1-B318CFCBA4DC}.Release|Any CPU.Build.0 = Release|Any CPU
	EndGlobalSection
	GlobalSection(SolutionProperties) = preSolution
		HideSolutionNode = FALSE
	EndGlobalSection
	GlobalSection(ExtensibilityGlobals) = postSolution
		SolutionGuid = {B0D8DCAB-6336-4ABF-B6C3-5FD8E3BAD3B6}
	EndGlobalSection
EndGlobal
